github.com/diamondburned/gotk4/pkg v0.0.0-20220417091308-856167c02355 h1:5J/EC+03IaQPbg8llTadKW7e+hNWBaY/eZXm5cXPTas=
github.com/diamondburned/gotk4/pkg v0.0.0-20220417091308-856167c02355/go.mod h1:rLH6FHos690jFgAM/GYEpMykuE/9NmN6zOvFlr8JTvE=
github.com/diamondburned/gotkit v0.0.0-20220504052556-1deb2e1363be h1:RXMFqsHY2fsloMAZ/rahfwrmi3e3D+n0/koylsHRLPI=
github.com/diamondburned/gotkit v0.0.0-20220504052556-1deb2e1363be/go.mod h1:vPfJRyjYv+hBfsnWf9Ouacp1Urltx8/qy5b0TWyeZNo=
github.com/pkg/errors v0.9.1 h1:FEBLx1zS214owpjy7qsBeixbURkuhQAwrK5UwLGTwt4=
github.com/pkg/errors v0.9.1/go.mod h1:bwawxfHBFNV+L2hUp1rHADufV3IMtnDRdf1r5NINEl0=
go4.org/unsafe/assume-no-moving-gc v0.0.0-20211027215541-db492cf91b37 h1:Tx9kY6yUkLge/pFG7IEMwDZy6CS2ajFc9TvQdPCW0uA=
go4.org/unsafe/assume-no-moving-gc v0.0.0-20211027215541-db492cf91b37/go.mod h1:FftLjUGFEDu5k8lt0ddY+HcrH/qU/0qk+H8j9/nTl3E=
golang.org/x/sync v0.0.0-20210220032951-036812b2e83c h1:5KslGYwFpkhGh+Q16bwMP3cOontH8FOep7tGV86Y7SQ=
golang.org/x/sync v0.0.0-20210220032951-036812b2e83c/go.mod h1:RxMgew5VJxzue5/jJTE5uejpjVlOe/izrB70Jof72aM=
golang.org/x/text v0.3.7 h1:olpwvP2KacW1ZWvsR7uQhoyTYvKAupfQrRGBFM352Gk=
golang.org/x/text v0.3.7/go.mod h1:u+2+/6zg+i71rQMx5EYifcz6MCKuco9NR6JIITiCfzQ=
golang.org/x/tools v0.0.0-20180917221912-90fa682c2a6e h1:FDhOuMEY4JVRztM/gsbk+IKUQ8kj74bxZrgw87eMMVc=
golang.org/x/tools v0.0.0-20180917221912-90fa682c2a6e/go.mod h1:n7NCudcB/nEzxVGmLbDWY5pfWTLqBcC2KZ6jyYvM4mQ=
